
Microsoft Visual Studio Solution File, Format Version 12.00
# Visual Studio Version 16
VisualStudioVersion = 16.0.810.16
MinimumVisualStudioVersion = 10.0.40219.1
Project("{FAE04EC0-301F-11D3-BF4B-00C04F79EFBC}") = "LeLab.Android", "LeLab.Android\LeLab.Android.csproj", "{04F499A4-40AF-4E80-9B6B-72B3A60D6D52}"
EndProject
Project("{FAE04EC0-301F-11D3-BF4B-00C04F79EFBC}") = "LeLab.iOS", "LeLab.iOS\LeLab.iOS.csproj", "{23EFE127-C824-43CD-A52C-096A6531EB30}"
EndProject
Project("{FAE04EC0-301F-11D3-BF4B-00C04F79EFBC}") = "LeLab", "LeLab\LeLab.csproj", "{06D924CE-A884-4EE3-ADEE-3C0D3FBA1B68}"
EndProject
Global
	GlobalSection(SolutionConfigurationPlatforms) = preSolution
		Debug|Any CPU = Debug|Any CPU
		Release|Any CPU = Release|Any CPU
		Debug|iPhoneSimulator = Debug|iPhoneSimulator
		Release|iPhoneSimulator = Release|iPhoneSimulator
		Debug|iPhone = Debug|iPhone
		Release|iPhone = Release|iPhone
	EndGlobalSection
	GlobalSection(ProjectConfigurationPlatforms) = postSolution
		{04F499A4-40AF-4E80-9B6B-72B3A60D6D52}.Debug|Any CPU.ActiveCfg = Debug|Any CPU
		{04F499A4-40AF-4E80-9B6B-72B3A60D6D52}.Debug|Any CPU.Build.0 = Debug|Any CPU
		{04F499A4-40AF-4E80-9B6B-72B3A60D6D52}.Release|Any CPU.ActiveCfg = Release|Any CPU
		{04F499A4-40AF-4E80-9B6B-72B3A60D6D52}.Release|Any CPU.Build.0 = Release|Any CPU
		{04F499A4-40AF-4E80-9B6B-72B3A60D6D52}.Debug|iPhoneSimulator.ActiveCfg = Debug|Any CPU
		{04F499A4-40AF-4E80-9B6B-72B3A60D6D52}.Debug|iPhoneSimulator.Build.0 = Debug|Any CPU
		{04F499A4-40AF-4E80-9B6B-72B3A60D6D52}.Release|iPhoneSimulator.ActiveCfg = Release|Any CPU
		{04F499A4-40AF-4E80-9B6B-72B3A60D6D52}.Release|iPhoneSimulator.Build.0 = Release|Any CPU
		{04F499A4-40AF-4E80-9B6B-72B3A60D6D52}.Debug|iPhone.ActiveCfg = Debug|Any CPU
		{04F499A4-40AF-4E80-9B6B-72B3A60D6D52}.Debug|iPhone.Build.0 = Debug|Any CPU
		{04F499A4-40AF-4E80-9B6B-72B3A60D6D52}.Release|iPhone.ActiveCfg = Release|Any CPU
		{04F499A4-40AF-4E80-9B6B-72B3A60D6D52}.Release|iPhone.Build.0 = Release|Any CPU
		{23EFE127-C824-43CD-A52C-096A6531EB30}.Debug|Any CPU.ActiveCfg = Debug|iPhoneSimulator
		{23EFE127-C824-43CD-A52C-096A6531EB30}.Debug|Any CPU.Build.0 = Debug|iPhoneSimulator
		{23EFE127-C824-43CD-A52C-096A6531EB30}.Release|Any CPU.ActiveCfg = Release|iPhoneSimulator
		{23EFE127-C824-43CD-A52C-096A6531EB30}.Release|Any CPU.Build.0 = Release|iPhoneSimulator
		{23EFE127-C824-43CD-A52C-096A6531EB30}.Debug|iPhoneSimulator.ActiveCfg = Debug|iPhoneSimulator
		{23EFE127-C824-43CD-A52C-096A6531EB30}.Debug|iPhoneSimulator.Build.0 = Debug|iPhoneSimulator
		{23EFE127-C824-43CD-A52C-096A6531EB30}.Release|iPhoneSimulator.ActiveCfg = Release|iPhoneSimulator
		{23EFE127-C824-43CD-A52C-096A6531EB30}.Release|iPhoneSimulator.Build.0 = Release|iPhoneSimulator
		{23EFE127-C824-43CD-A52C-096A6531EB30}.Debug|iPhone.ActiveCfg = Debug|iPhone
		{23EFE127-C824-43CD-A52C-096A6531EB30}.Debug|iPhone.Build.0 = Debug|iPhone
		{23EFE127-C824-43CD-A52C-096A6531EB30}.Release|iPhone.ActiveCfg = Release|iPhone
		{23EFE127-C824-43CD-A52C-096A6531EB30}.Release|iPhone.Build.0 = Release|iPhone
		{06D924CE-A884-4EE3-ADEE-3C0D3FBA1B68}.Debug|Any CPU.ActiveCfg = Debug|Any CPU
		{06D924CE-A884-4EE3-ADEE-3C0D3FBA1B68}.Debug|Any CPU.Build.0 = Debug|Any CPU
		{06D924CE-A884-4EE3-ADEE-3C0D3FBA1B68}.Release|Any CPU.ActiveCfg = Release|Any CPU
		{06D924CE-A884-4EE3-ADEE-3C0D3FBA1B68}.Release|Any CPU.Build.0 = Release|Any CPU
		{06D924CE-A884-4EE3-ADEE-3C0D3FBA1B68}.Debug|iPhoneSimulator.ActiveCfg = Debug|Any CPU
		{06D924CE-A884-4EE3-ADEE-3C0D3FBA1B68}.Debug|iPhoneSimulator.Build.0 = Debug|Any CPU
		{06D924CE-A884-4EE3-ADEE-3C0D3FBA1B68}.Release|iPhoneSimulator.ActiveCfg = Release|Any CPU
		{06D924CE-A884-4EE3-ADEE-3C0D3FBA1B68}.Release|iPhoneSimulator.Build.0 = Release|Any CPU
		{06D924CE-A884-4EE3-ADEE-3C0D3FBA1B68}.Debug|iPhone.ActiveCfg = Debug|Any CPU
		{06D924CE-A884-4EE3-ADEE-3C0D3FBA1B68}.Debug|iPhone.Build.0 = Debug|Any CPU
		{06D924CE-A884-4EE3-ADEE-3C0D3FBA1B68}.Release|iPhone.ActiveCfg = Release|Any CPU
		{06D924CE-A884-4EE3-ADEE-3C0D3FBA1B68}.Release|iPhone.Build.0 = Release|Any CPU
	EndGlobalSection
	GlobalSection(SolutionProperties) = preSolution
		HideSolutionNode = FALSE
	EndGlobalSection
	GlobalSection(ExtensibilityGlobals) = postSolution
		SolutionGuid = {DF8DC112-847B-4ED6-A32E-ED7B9D8CEA19}
	EndGlobalSection
EndGlobal
